// !$*UTF8*$!
{
	archiveVersion = 1;
	classes = {
	};
	objectVersion = 46;
	objects = {

/* Begin PBXBuildFile section */
		179A0E441BB38F0A00F6D9ED /* AppDelegate.swift in Sources */ = {isa = PBXBuildFile; fileRef = 179A0E431BB38F0A00F6D9ED /* AppDelegate.swift */; };
		179A0E461BB38F0A00F6D9ED /* ViewController.swift in Sources */ = {isa = PBXBuildFile; fileRef = 179A0E451BB38F0A00F6D9ED /* ViewController.swift */; };
		179A0E491BB38F0A00F6D9ED /* Main.storyboard in Resources */ = {isa = PBXBuildFile; fileRef = 179A0E471BB38F0A00F6D9ED /* Main.storyboard */; };
		179A0E4C1BB38F0A00F6D9ED /* RadiationBean.xcdatamodeld in Sources */ = {isa = PBXBuildFile; fileRef = 179A0E4A1BB38F0A00F6D9ED /* RadiationBean.xcdatamodeld */; };
		179A0E4E1BB38F0A00F6D9ED /* Assets.xcassets in Resources */ = {isa = PBXBuildFile; fileRef = 179A0E4D1BB38F0A00F6D9ED /* Assets.xcassets */; };
		179A0E511BB38F0A00F6D9ED /* LaunchScreen.storyboard in Resources */ = {isa = PBXBuildFile; fileRef = 179A0E4F1BB38F0A00F6D9ED /* LaunchScreen.storyboard */; };
		179A0E5C1BB38F0A00F6D9ED /* RadiationBeanTests.swift in Sources */ = {isa = PBXBuildFile; fileRef = 179A0E5B1BB38F0A00F6D9ED /* RadiationBeanTests.swift */; };
		179A0E671BB38F0A00F6D9ED /* RadiationBeanUITests.swift in Sources */ = {isa = PBXBuildFile; fileRef = 179A0E661BB38F0A00F6D9ED /* RadiationBeanUITests.swift */; };
/* End PBXBuildFile section */

/* Begin PBXContainerItemProxy section */
		179A0E581BB38F0A00F6D9ED /* PBXContainerItemProxy */ = {
			isa = PBXContainerItemProxy;
			containerPortal = 179A0E381BB38F0A00F6D9ED /* Project object */;
			proxyType = 1;
			remoteGlobalIDString = 179A0E3F1BB38F0A00F6D9ED;
			remoteInfo = RadiationBean;
		};
		179A0E631BB38F0A00F6D9ED /* PBXContainerItemProxy */ = {
			isa = PBXContainerItemProxy;
			containerPortal = 179A0E381BB38F0A00F6D9ED /* Project object */;
			proxyType = 1;
			remoteGlobalIDString = 179A0E3F1BB38F0A00F6D9ED;
			remoteInfo = RadiationBean;
		};
/* End PBXContainerItemProxy section */

/* Begin PBXFileReference section */
		179A0E401BB38F0A00F6D9ED /* RadiationBean.app */ = {isa = PBXFileReference; explicitFileType = wrapper.application; includeInIndex = 0; path = RadiationBean.app; sourceTree = BUILT_PRODUCTS_DIR; };
		179A0E431BB38F0A00F6D9ED /* AppDelegate.swift */ = {isa = PBXFileReference; lastKnownFileType = sourcecode.swift; path = AppDelegate.swift; sourceTree = "<group>"; };
		179A0E451BB38F0A00F6D9ED /* ViewController.swift */ = {isa = PBXFileReference; lastKnownFileType = sourcecode.swift; path = ViewController.swift; sourceTree = "<group>"; };
		179A0E481BB38F0A00F6D9ED /* Base */ = {isa = PBXFileReference; lastKnownFileType = file.storyboard; name = Base; path = Base.lproj/Main.storyboard; sourceTree = "<group>"; };
		179A0E4B1BB38F0A00F6D9ED /* RadiationBean.xcdatamodel */ = {isa = PBXFileReference; lastKnownFileType = wrapper.xcdatamodel; path = RadiationBean.xcdatamodel; sourceTree = "<group>"; };
		179A0E4D1BB38F0A00F6D9ED /* Assets.xcassets */ = {isa = PBXFileReference; lastKnownFileType = folder.assetcatalog; path = Assets.xcassets; sourceTree = "<group>"; };
		179A0E501BB38F0A00F6D9ED /* Base */ = {isa = PBXFileReference; lastKnownFileType = file.storyboard; name = Base; path = Base.lproj/LaunchScreen.storyboard; sourceTree = "<group>"; };
		179A0E521BB38F0A00F6D9ED /* Info.plist */ = {isa = PBXFileReference; lastKnownFileType = text.plist.xml; path = Info.plist; sourceTree = "<group>"; };
		179A0E571BB38F0A00F6D9ED /* RadiationBeanTests.xctest */ = {isa = PBXFileReference; explicitFileType = wrapper.cfbundle; includeInIndex = 0; path = RadiationBeanTests.xctest; sourceTree = BUILT_PRODUCTS_DIR; };
		179A0E5B1BB38F0A00F6D9ED /* RadiationBeanTests.swift */ = {isa = PBXFileReference; lastKnownFileType = sourcecode.swift; path = RadiationBeanTests.swift; sourceTree = "<group>"; };
		179A0E5D1BB38F0A00F6D9ED /* Info.plist */ = {isa = PBXFileReference; lastKnownFileType = text.plist.xml; path = Info.plist; sourceTree = "<group>"; };
		179A0E621BB38F0A00F6D9ED /* RadiationBeanUITests.xctest */ = {isa = PBXFileReference; explicitFileType = wrapper.cfbundle; includeInIndex = 0; path = RadiationBeanUITests.xctest; sourceTree = BUILT_PRODUCTS_DIR; };
		179A0E661BB38F0A00F6D9ED /* RadiationBeanUITests.swift */ = {isa = PBXFileReference; lastKnownFileType = sourcecode.swift; path = RadiationBeanUITests.swift; sourceTree = "<group>"; };
		179A0E681BB38F0A00F6D9ED /* Info.plist */ = {isa = PBXFileReference; lastKnownFileType = text.plist.xml; path = Info.plist; sourceTree = "<group>"; };
/* End PBXFileReference section */

/* Begin PBXFrameworksBuildPhase section */
		179A0E3D1BB38F0A00F6D9ED /* Frameworks */ = {
			isa = PBXFrameworksBuildPhase;
			buildActionMask = 2147483647;
			files = (
			);
			runOnlyForDeploymentPostprocessing = 0;
		};
		179A0E541BB38F0A00F6D9ED /* Frameworks */ = {
			isa = PBXFrameworksBuildPhase;
			buildActionMask = 2147483647;
			files = (
			);
			runOnlyForDeploymentPostprocessing = 0;
		};
		179A0E5F1BB38F0A00F6D9ED /* Frameworks */ = {
			isa = PBXFrameworksBuildPhase;
			buildActionMask = 2147483647;
			files = (
			);
			runOnlyForDeploymentPostprocessing = 0;
		};
/* End PBXFrameworksBuildPhase section */

/* Begin PBXGroup section */
		179A0E371BB38F0A00F6D9ED = {
			isa = PBXGroup;
			children = (
				179A0E421BB38F0A00F6D9ED /* RadiationBean */,
				179A0E5A1BB38F0A00F6D9ED /* RadiationBeanTests */,
				179A0E651BB38F0A00F6D9ED /* RadiationBeanUITests */,
				179A0E411BB38F0A00F6D9ED /* Products */,
			);
			sourceTree = "<group>";
		};
		179A0E411BB38F0A00F6D9ED /* Products */ = {
			isa = PBXGroup;
			children = (
				179A0E401BB38F0A00F6D9ED /* RadiationBean.app */,
				179A0E571BB38F0A00F6D9ED /* RadiationBeanTests.xctest */,
				179A0E621BB38F0A00F6D9ED /* RadiationBeanUITests.xctest */,
			);
			name = Products;
			sourceTree = "<group>";
		};
		179A0E421BB38F0A00F6D9ED /* RadiationBean */ = {
			isa = PBXGroup;
			children = (
				179A0E431BB38F0A00F6D9ED /* AppDelegate.swift */,
				179A0E451BB38F0A00F6D9ED /* ViewController.swift */,
				179A0E471BB38F0A00F6D9ED /* Main.storyboard */,
				179A0E4D1BB38F0A00F6D9ED /* Assets.xcassets */,
				179A0E4F1BB38F0A00F6D9ED /* LaunchScreen.storyboard */,
				179A0E521BB38F0A00F6D9ED /* Info.plist */,
				179A0E4A1BB38F0A00F6D9ED /* RadiationBean.xcdatamodeld */,
			);
			path = RadiationBean;
			sourceTree = "<group>";
		};
		179A0E5A1BB38F0A00F6D9ED /* RadiationBeanTests */ = {
			isa = PBXGroup;
			children = (
				179A0E5B1BB38F0A00F6D9ED /* RadiationBeanTests.swift */,
				179A0E5D1BB38F0A00F6D9ED /* Info.plist */,
			);
			path = RadiationBeanTests;
			sourceTree = "<group>";
		};
		179A0E651BB38F0A00F6D9ED /* RadiationBeanUITests */ = {
			isa = PBXGroup;
			children = (
				179A0E661BB38F0A00F6D9ED /* RadiationBeanUITests.swift */,
				179A0E681BB38F0A00F6D9ED /* Info.plist */,
			);
			path = RadiationBeanUITests;
			sourceTree = "<group>";
		};
/* End PBXGroup section */

/* Begin PBXNativeTarget section */
		179A0E3F1BB38F0A00F6D9ED /* RadiationBean */ = {
			isa = PBXNativeTarget;
			buildConfigurationList = 179A0E6B1BB38F0A00F6D9ED /* Build configuration list for PBXNativeTarget "RadiationBean" */;
			buildPhases = (
				179A0E3C1BB38F0A00F6D9ED /* Sources */,
				179A0E3D1BB38F0A00F6D9ED /* Frameworks */,
				179A0E3E1BB38F0A00F6D9ED /* Resources */,
			);
			buildRules = (
			);
			dependencies = (
			);
			name = RadiationBean;
			productName = RadiationBean;
			productReference = 179A0E401BB38F0A00F6D9ED /* RadiationBean.app */;
			productType = "com.apple.product-type.application";
		};
		179A0E561BB38F0A00F6D9ED /* RadiationBeanTests */ = {
			isa = PBXNativeTarget;
			buildConfigurationList = 179A0E6E1BB38F0A00F6D9ED /* Build configuration list for PBXNativeTarget "RadiationBeanTests" */;
			buildPhases = (
				179A0E531BB38F0A00F6D9ED /* Sources */,
				179A0E541BB38F0A00F6D9ED /* Frameworks */,
				179A0E551BB38F0A00F6D9ED /* Resources */,
			);
			buildRules = (
			);
			dependencies = (
				179A0E591BB38F0A00F6D9ED /* PBXTargetDependency */,
			);
			name = RadiationBeanTests;
			productName = RadiationBeanTests;
			productReference = 179A0E571BB38F0A00F6D9ED /* RadiationBeanTests.xctest */;
			productType = "com.apple.product-type.bundle.unit-test";
		};
		179A0E611BB38F0A00F6D9ED /* RadiationBeanUITests */ = {
			isa = PBXNativeTarget;
			buildConfigurationList = 179A0E711BB38F0A00F6D9ED /* Build configuration list for PBXNativeTarget "RadiationBeanUITests" */;
			buildPhases = (
				179A0E5E1BB38F0A00F6D9ED /* Sources */,
				179A0E5F1BB38F0A00F6D9ED /* Frameworks */,
				179A0E601BB38F0A00F6D9ED /* Resources */,
			);
			buildRules = (
			);
			dependencies = (
				179A0E641BB38F0A00F6D9ED /* PBXTargetDependency */,
			);
			name = RadiationBeanUITests;
			productName = RadiationBeanUITests;
			productReference = 179A0E621BB38F0A00F6D9ED /* RadiationBeanUITests.xctest */;
			productType = "com.apple.product-type.bundle.ui-testing";
		};
/* End PBXNativeTarget section */

/* Begin PBXProject section */
		179A0E381BB38F0A00F6D9ED /* Project object */ = {
			isa = PBXProject;
			attributes = {
				LastUpgradeCheck = 0700;
				ORGANIZATIONNAME = "Stuart Feichtinger";
				TargetAttributes = {
					179A0E3F1BB38F0A00F6D9ED = {
						CreatedOnToolsVersion = 7.0;
						DevelopmentTeam = LPX36M24D4;
					};
					179A0E561BB38F0A00F6D9ED = {
						CreatedOnToolsVersion = 7.0;
						DevelopmentTeam = LPX36M24D4;
						TestTargetID = 179A0E3F1BB38F0A00F6D9ED;
					};
					179A0E611BB38F0A00F6D9ED = {
						CreatedOnToolsVersion = 7.0;
						DevelopmentTeam = LPX36M24D4;
						TestTargetID = 179A0E3F1BB38F0A00F6D9ED;
					};
				};
			};
			buildConfigurationList = 179A0E3B1BB38F0A00F6D9ED /* Build configuration list for PBXProject "RadiationBean" */;
			compatibilityVersion = "Xcode 3.2";
			developmentRegion = English;
			hasScannedForEncodings = 0;
			knownRegions = (
				en,
				Base,
			);
			mainGroup = 179A0E371BB38F0A00F6D9ED;
			productRefGroup = 179A0E411BB38F0A00F6D9ED /* Products */;
			projectDirPath = "";
			projectRoot = "";
			targets = (
				179A0E3F1BB38F0A00F6D9ED /* RadiationBean */,
				179A0E561BB38F0A00F6D9ED /* RadiationBeanTests */,
				179A0E611BB38F0A00F6D9ED /* RadiationBeanUITests */,
			);
		};
/* End PBXProject section */

/* Begin PBXResourcesBuildPhase section */
		179A0E3E1BB38F0A00F6D9ED /* Resources */ = {
			isa = PBXResourcesBuildPhase;
			buildActionMask = 2147483647;
			files = (
				179A0E511BB38F0A00F6D9ED /* LaunchScreen.storyboard in Resources */,
				179A0E4E1BB38F0A00F6D9ED /* Assets.xcassets in Resources */,
				179A0E491BB38F0A00F6D9ED /* Main.storyboard in Resources */,
			);
			runOnlyForDeploymentPostprocessing = 0;
		};
		179A0E551BB38F0A00F6D9ED /* Resources */ = {
			isa = PBXResourcesBuildPhase;
			buildActionMask = 2147483647;
			files = (
			);
			runOnlyForDeploymentPostprocessing = 0;
		};
		179A0E601BB38F0A00F6D9ED /* Resources */ = {
			isa = PBXResourcesBuildPhase;
			buildActionMask = 2147483647;
			files = (
			);
			runOnlyForDeploymentPostprocessing = 0;
		};
/* End PBXResourcesBuildPhase section */

/* Begin PBXSourcesBuildPhase section */
		179A0E3C1BB38F0A00F6D9ED /* Sources */ = {
			isa = PBXSourcesBuildPhase;
			buildActionMask = 2147483647;
			files = (
				179A0E4C1BB38F0A00F6D9ED /* RadiationBean.xcdatamodeld in Sources */,
				179A0E461BB38F0A00F6D9ED /* ViewController.swift in Sources */,
				179A0E441BB38F0A00F6D9ED /* AppDelegate.swift in Sources */,
			);
			runOnlyForDeploymentPostprocessing = 0;
		};
		179A0E531BB38F0A00F6D9ED /* Sources */ = {
			isa = PBXSourcesBuildPhase;
			buildActionMask = 2147483647;
			files = (
				179A0E5C1BB38F0A00F6D9ED /* RadiationBeanTests.swift in Sources */,
			);
			runOnlyForDeploymentPostprocessing = 0;
		};
		179A0E5E1BB38F0A00F6D9ED /* Sources */ = {
			isa = PBXSourcesBuildPhase;
			buildActionMask = 2147483647;
			files = (
				179A0E671BB38F0A00F6D9ED /* RadiationBeanUITests.swift in Sources */,
			);
			runOnlyForDeploymentPostprocessing = 0;
		};
/* End PBXSourcesBuildPhase section */

/* Begin PBXTargetDependency section */
		179A0E591BB38F0A00F6D9ED /* PBXTargetDependency */ = {
			isa = PBXTargetDependency;
			target = 179A0E3F1BB38F0A00F6D9ED /* RadiationBean */;
			targetProxy = 179A0E581BB38F0A00F6D9ED /* PBXContainerItemProxy */;
		};
		179A0E641BB38F0A00F6D9ED /* PBXTargetDependency */ = {
			isa = PBXTargetDependency;
			target = 179A0E3F1BB38F0A00F6D9ED /* RadiationBean */;
			targetProxy = 179A0E631BB38F0A00F6D9ED /* PBXContainerItemProxy */;
		};
/* End PBXTargetDependency section */

/* Begin PBXVariantGroup section */
		179A0E471BB38F0A00F6D9ED /* Main.storyboard */ = {
			isa = PBXVariantGroup;
			children = (
				179A0E481BB38F0A00F6D9ED /* Base */,
			);
			name = Main.storyboard;
			sourceTree = "<group>";
		};
		179A0E4F1BB38F0A00F6D9ED /* LaunchScreen.storyboard */ = {
			isa = PBXVariantGroup;
			children = (
				179A0E501BB38F0A00F6D9ED /* Base */,
			);
			name = LaunchScreen.storyboard;
			sourceTree = "<group>";
		};
/* End PBXVariantGroup section */

/* Begin XCBuildConfiguration section */
		179A0E691BB38F0A00F6D9ED /* Debug */ = {
			isa = XCBuildConfiguration;
			buildSettings = {
				ALWAYS_SEARCH_USER_PATHS = NO;
				CLANG_CXX_LANGUAGE_STANDARD = "gnu++0x";
				CLANG_CXX_LIBRARY = "libc++";
				CLANG_ENABLE_MODULES = YES;
				CLANG_ENABLE_OBJC_ARC = YES;
				CLANG_WARN_BOOL_CONVERSION = YES;
				CLANG_WARN_CONSTANT_CONVERSION = YES;
				CLANG_WARN_DIRECT_OBJC_ISA_USAGE = YES_ERROR;
				CLANG_WARN_EMPTY_BODY = YES;
				CLANG_WARN_ENUM_CONVERSION = YES;
				CLANG_WARN_INT_CONVERSION = YES;
				CLANG_WARN_OBJC_ROOT_CLASS = YES_ERROR;
				CLANG_WARN_UNREACHABLE_CODE = YES;
				CLANG_WARN__DUPLICATE_METHOD_MATCH = YES;
				"CODE_SIGN_IDENTITY[sdk=iphoneos*]" = "iPhone Developer";
				COPY_PHASE_STRIP = NO;
				DEBUG_INFORMATION_FORMAT = dwarf;
				ENABLE_STRICT_OBJC_MSGSEND = YES;
				ENABLE_TESTABILITY = YES;
				GCC_C_LANGUAGE_STANDARD = gnu99;
				GCC_DYNAMIC_NO_PIC = NO;
				GCC_NO_COMMON_BLOCKS = YES;
				GCC_OPTIMIZATION_LEVEL = 0;
				GCC_PREPROCESSOR_DEFINITIONS = (
					"DEBUG=1",
					"$(inherited)",
				);
				GCC_WARN_64_TO_32_BIT_CONVERSION = YES;
				GCC_WARN_ABOUT_RETURN_TYPE = YES_ERROR;
				GCC_WARN_UNDECLARED_SELECTOR = YES;
				GCC_WARN_UNINITIALIZED_AUTOS = YES_AGGRESSIVE;
				GCC_WARN_UNUSED_FUNCTION = YES;
				GCC_WARN_UNUSED_VARIABLE = YES;
				IPHONEOS_DEPLOYMENT_TARGET = 9.0;
				MTL_ENABLE_DEBUG_INFO = YES;
				ONLY_ACTIVE_ARCH = YES;
				SDKROOT = iphoneos;
				SWIFT_OPTIMIZATION_LEVEL = "-Onone";
			};
			name = Debug;
		};
		179A0E6A1BB38F0A00F6D9ED /* Release */ = {
			isa = XCBuildConfiguration;
			buildSettings = {
				ALWAYS_SEARCH_USER_PATHS = NO;
				CLANG_CXX_LANGUAGE_STANDARD = "gnu++0x";
				CLANG_CXX_LIBRARY = "libc++";
				CLANG_ENABLE_MODULES = YES;
				CLANG_ENABLE_OBJC_ARC = YES;
				CLANG_WARN_BOOL_CONVERSION = YES;
				CLANG_WARN_CONSTANT_CONVERSION = YES;
				CLANG_WARN_DIRECT_OBJC_ISA_USAGE = YES_ERROR;
				CLANG_WARN_EMPTY_BODY = YES;
				CLANG_WARN_ENUM_CONVERSION = YES;
				CLANG_WARN_INT_CONVERSION = YES;
				CLANG_WARN_OBJC_ROOT_CLASS = YES_ERROR;
				CLANG_WARN_UNREACHABLE_CODE = YES;
				CLANG_WARN__DUPLICATE_METHOD_MATCH = YES;
				"CODE_SIGN_IDENTITY[sdk=iphoneos*]" = "iPhone Developer";
				COPY_PHASE_STRIP = NO;
				DEBUG_INFORMATION_FORMAT = "dwarf-with-dsym";
				ENABLE_NS_ASSERTIONS = NO;
				ENABLE_STRICT_OBJC_MSGSEND = YES;
				GCC_C_LANGUAGE_STANDARD = gnu99;
				GCC_NO_COMMON_BLOCKS = YES;
				GCC_WARN_64_TO_32_BIT_CONVERSION = YES;
				GCC_WARN_ABOUT_RETURN_TYPE = YES_ERROR;
				GCC_WARN_UNDECLARED_SELECTOR = YES;
				GCC_WARN_UNINITIALIZED_AUTOS = YES_AGGRESSIVE;
				GCC_WARN_UNUSED_FUNCTION = YES;
				GCC_WARN_UNUSED_VARIABLE = YES;
				IPHONEOS_DEPLOYMENT_TARGET = 9.0;
				MTL_ENABLE_DEBUG_INFO = NO;
				SDKROOT = iphoneos;
				VALIDATE_PRODUCT = YES;
			};
			name = Release;
		};
		179A0E6C1BB38F0A00F6D9ED /* Debug */ = {
			isa = XCBuildConfiguration;
			buildSettings = {
				ASSETCATALOG_COMPILER_APPICON_NAME = AppIcon;
				INFOPLIST_FILE = RadiationBean/Info.plist;
				LD_RUNPATH_SEARCH_PATHS = "$(inherited) @executable_path/Frameworks";
				PRODUCT_BUNDLE_IDENTIFIER = com.stuart.RadiationBean;
				PRODUCT_NAME = "$(TARGET_NAME)";
			};
			name = Debug;
		};
		179A0E6D1BB38F0A00F6D9ED /* Release */ = {
			isa = XCBuildConfiguration;
			buildSettings = {
				ASSETCATALOG_COMPILER_APPICON_NAME = AppIcon;
				INFOPLIST_FILE = RadiationBean/Info.plist;
				LD_RUNPATH_SEARCH_PATHS = "$(inherited) @executable_path/Frameworks";
				PRODUCT_BUNDLE_IDENTIFIER = com.stuart.RadiationBean;
				PRODUCT_NAME = "$(TARGET_NAME)";
			};
			name = Release;
		};
		179A0E6F1BB38F0A00F6D9ED /* Debug */ = {
			isa = XCBuildConfiguration;
			buildSettings = {
				BUNDLE_LOADER = "$(TEST_HOST)";
				INFOPLIST_FILE = RadiationBeanTests/Info.plist;
				LD_RUNPATH_SEARCH_PATHS = "$(inherited) @executable_path/Frameworks @loader_path/Frameworks";
				PRODUCT_BUNDLE_IDENTIFIER = com.stuart.RadiationBeanTests;
				PRODUCT_NAME = "$(TARGET_NAME)";
				TEST_HOST = "$(BUILT_PRODUCTS_DIR)/RadiationBean.app/RadiationBean";
			};
			name = Debug;
		};
		179A0E701BB38F0A00F6D9ED /* Release */ = {
			isa = XCBuildConfiguration;
			buildSettings = {
				BUNDLE_LOADER = "$(TEST_HOST)";
				INFOPLIST_FILE = RadiationBeanTests/Info.plist;
				LD_RUNPATH_SEARCH_PATHS = "$(inherited) @executable_path/Frameworks @loader_path/Frameworks";
				PRODUCT_BUNDLE_IDENTIFIER = com.stuart.RadiationBeanTests;
				PRODUCT_NAME = "$(TARGET_NAME)";
				TEST_HOST = "$(BUILT_PRODUCTS_DIR)/RadiationBean.app/RadiationBean";
			};
			name = Release;
		};
		179A0E721BB38F0A00F6D9ED /* Debug */ = {
			isa = XCBuildConfiguration;
			buildSettings = {
				INFOPLIST_FILE = RadiationBeanUITests/Info.plist;
				LD_RUNPATH_SEARCH_PATHS = "$(inherited) @executable_path/Frameworks @loader_path/Frameworks";
				PRODUCT_BUNDLE_IDENTIFIER = com.stuart.RadiationBeanUITests;
				PRODUCT_NAME = "$(TARGET_NAME)";
				TEST_TARGET_NAME = RadiationBean;
				USES_XCTRUNNER = YES;
			};
			name = Debug;
		};
		179A0E731BB38F0A00F6D9ED /* Release */ = {
			isa = XCBuildConfiguration;
			buildSettings = {
				INFOPLIST_FILE = RadiationBeanUITests/Info.plist;
				LD_RUNPATH_SEARCH_PATHS = "$(inherited) @executable_path/Frameworks @loader_path/Frameworks";
				PRODUCT_BUNDLE_IDENTIFIER = com.stuart.RadiationBeanUITests;
				PRODUCT_NAME = "$(TARGET_NAME)";
				TEST_TARGET_NAME = RadiationBean;
				USES_XCTRUNNER = YES;
			};
			name = Release;
		};
/* End XCBuildConfiguration section */

/* Begin XCConfigurationList section */
		179A0E3B1BB38F0A00F6D9ED /* Build configuration list for PBXProject "RadiationBean" */ = {
			isa = XCConfigurationList;
			buildConfigurations = (
				179A0E691BB38F0A00F6D9ED /* Debug */,
				179A0E6A1BB38F0A00F6D9ED /* Release */,
			);
			defaultConfigurationIsVisible = 0;
			defaultConfigurationName = Release;
		};
		179A0E6B1BB38F0A00F6D9ED /* Build configuration list for PBXNativeTarget "RadiationBean" */ = {
			isa = XCConfigurationList;
			buildConfigurations = (
				179A0E6C1BB38F0A00F6D9ED /* Debug */,
				179A0E6D1BB38F0A00F6D9ED /* Release */,
			);
			defaultConfigurationIsVisible = 0;
		};
		179A0E6E1BB38F0A00F6D9ED /* Build configuration list for PBXNativeTarget "RadiationBeanTests" */ = {
			isa = XCConfigurationList;
			buildConfigurations = (
				179A0E6F1BB38F0A00F6D9ED /* Debug */,
				179A0E701BB38F0A00F6D9ED /* Release */,
			);
			defaultConfigurationIsVisible = 0;
		};
		179A0E711BB38F0A00F6D9ED /* Build configuration list for PBXNativeTarget "RadiationBeanUITests" */ = {
			isa = XCConfigurationList;
			buildConfigurations = (
				179A0E721BB38F0A00F6D9ED /* Debug */,
				179A0E731BB38F0A00F6D9ED /* Release */,
			);
			defaultConfigurationIsVisible = 0;
		};
/* End XCConfigurationList section */

/* Begin XCVersionGroup section */
		179A0E4A1BB38F0A00F6D9ED /* RadiationBean.xcdatamodeld */ = {
			isa = XCVersionGroup;
			children = (
				179A0E4B1BB38F0A00F6D9ED /* RadiationBean.xcdatamodel */,
			);
			currentVersion = 179A0E4B1BB38F0A00F6D9ED /* RadiationBean.xcdatamodel */;
			path = RadiationBean.xcdatamodeld;
			sourceTree = "<group>";
			versionGroupType = wrapper.xcdatamodel;
		};
/* End XCVersionGroup section */
	};
	rootObject = 179A0E381BB38F0A00F6D9ED /* Project object */;
}
